
Microsoft Visual Studio Solution File, Format Version 12.00
# Visual Studio Version 17
VisualStudioVersion = 17.8.34601.278
MinimumVisualStudioVersion = 10.0.40219.1
Project("{9A19103F-16F7-4668-BE54-9A1E7A4F7556}") = "Lox", "..\Lox\Lox.csproj", "{5469599A-4C85-44C0-BC38-B9D026DDED31}"
EndProject
Project("{FAE04EC0-301F-11D3-BF4B-00C04F79EFBC}") = "LoxEditor", "LoxEditor\LoxEditor.csproj", "{1174F909-017D-4FBD-BA2C-E2483B4D6CD5}"
EndProject
Global
	GlobalSection(SolutionConfigurationPlatforms) = preSolution
		Debug|Any CPU = Debug|Any CPU
		Release|Any CPU = Release|Any CPU
	EndGlobalSection
	GlobalSection(ProjectConfigurationPlatforms) = postSolution
		{5469599A-4C85-44C0-BC38-B9D026DDED31}.Debug|Any CPU.ActiveCfg = Debug|Any CPU
		{5469599A-4C85-44C0-BC38-B9D026DDED31}.Debug|Any CPU.Build.0 = Debug|Any CPU
		{5469599A-4C85-44C0-BC38-B9D026DDED31}.Release|Any CPU.ActiveCfg = Release|Any CPU
		{5469599A-4C85-44C0-BC38-B9D026DDED31}.Release|Any CPU.Build.0 = Release|Any CPU
		{1174F909-017D-4FBD-BA2C-E2483B4D6CD5}.Debug|Any CPU.ActiveCfg = Debug|Any CPU
		{1174F909-017D-4FBD-BA2C-E2483B4D6CD5}.Debug|Any CPU.Build.0 = Debug|Any CPU
		{1174F909-017D-4FBD-BA2C-E2483B4D6CD5}.Release|Any CPU.ActiveCfg = Release|Any CPU
		{1174F909-017D-4FBD-BA2C-E2483B4D6CD5}.Release|Any CPU.Build.0 = Release|Any CPU
	EndGlobalSection
	GlobalSection(SolutionProperties) = preSolution
		HideSolutionNode = FALSE
	EndGlobalSection
	GlobalSection(ExtensibilityGlobals) = postSolution
		SolutionGuid = {4CB8AD42-296D-4F73-9CCE-743B42E87544}
	EndGlobalSection
EndGlobal
